
Microsoft Visual Studio Solution File, Format Version 12.00
# Visual Studio 15
Project("{FAE04EC0-301F-11D3-BF4B-00C04F79EFBC}") = "Jpp.ActionSequence", "Jpp.ActionSequence.csproj", "{0FAB9183-44E2-CDF0-9ABA-357F3AC8D23C}"
EndProject
Global
	GlobalSection(SolutionConfigurationPlatforms) = preSolution
		Debug|Any CPU = Debug|Any CPU
		Release|Any CPU = Release|Any CPU
	EndGlobalSection
	GlobalSection(ProjectConfigurationPlatforms) = postSolution
		{0FAB9183-44E2-CDF0-9ABA-357F3AC8D23C}.Debug|Any CPU.ActiveCfg = Debug|Any CPU
		{0FAB9183-44E2-CDF0-9ABA-357F3AC8D23C}.Debug|Any CPU.Build.0 = Debug|Any CPU
		{0FAB9183-44E2-CDF0-9ABA-357F3AC8D23C}.Release|Any CPU.ActiveCfg = Release|Any CPU
		{0FAB9183-44E2-CDF0-9ABA-357F3AC8D23C}.Release|Any CPU.Build.0 = Release|Any CPU
	EndGlobalSection
	GlobalSection(SolutionProperties) = preSolution
		HideSolutionNode = FALSE
	EndGlobalSection
EndGlobal
